
Microsoft Visual Studio Solution File, Format Version 12.00
# Visual Studio Version 17
VisualStudioVersion = 17.4.33213.308
MinimumVisualStudioVersion = 10.0.40219.1
Project("{FAE04EC0-301F-11D3-BF4B-00C04F79EFBC}") = "Bolum1-Uygulama-3", "Bolum1-Uygulama-3\Bolum1-Uygulama-3.csproj", "{614F5D6B-6B22-4CE9-864D-869BFB3684D8}"
EndProject
Global
	GlobalSection(SolutionConfigurationPlatforms) = preSolution
		Debug|Any CPU = Debug|Any CPU
		Release|Any CPU = Release|Any CPU
	EndGlobalSection
	GlobalSection(ProjectConfigurationPlatforms) = postSolution
		{614F5D6B-6B22-4CE9-864D-869BFB3684D8}.Debug|Any CPU.ActiveCfg = Debug|Any CPU
		{614F5D6B-6B22-4CE9-864D-869BFB3684D8}.Debug|Any CPU.Build.0 = Debug|Any CPU
		{614F5D6B-6B22-4CE9-864D-869BFB3684D8}.Release|Any CPU.ActiveCfg = Release|Any CPU
		{614F5D6B-6B22-4CE9-864D-869BFB3684D8}.Release|Any CPU.Build.0 = Release|Any CPU
	EndGlobalSection
	GlobalSection(SolutionProperties) = preSolution
		HideSolutionNode = FALSE
	EndGlobalSection
	GlobalSection(ExtensibilityGlobals) = postSolution
		SolutionGuid = {8B31BB86-03CC-4100-8AC1-E38C8EA5F008}
	EndGlobalSection
EndGlobal
